
Microsoft Visual Studio Solution File, Format Version 12.00
# Visual Studio Version 16
VisualStudioVersion = 16.0.29519.181
MinimumVisualStudioVersion = 10.0.40219.1
Project("{9A19103F-16F7-4668-BE54-9A1E7A4F7556}") = "LogFileAnalysisApplication", "LogFileAnalysisApplication\LogFileAnalysisApplication.csproj", "{3CB3E86C-D097-4CBB-94CD-CC36E76F7206}"
EndProject
Project("{9A19103F-16F7-4668-BE54-9A1E7A4F7556}") = "ProcessLogFilesDLL", "ProcessLogFilesDLL\ProcessLogFilesDLL.csproj", "{D55E416C-2BF7-466F-AF4D-2716AB55C893}"
EndProject
Project("{9A19103F-16F7-4668-BE54-9A1E7A4F7556}") = "ShowLogObjectsDLL", "ShowLogObjectsDLL\ShowLogObjectsDLL.csproj", "{741409BE-CC5F-4C60-89D5-BEAE2A16AE49}"
EndProject
Project("{9A19103F-16F7-4668-BE54-9A1E7A4F7556}") = "AnalysisLogObjects", "AnalysisLogObjects\AnalysisLogObjects.csproj", "{88DDE38F-196B-456F-B8F5-7A9AC1911CC5}"
EndProject
Project("{9A19103F-16F7-4668-BE54-9A1E7A4F7556}") = "LogFileAnalysisDAL", "LogFileAnalysisDAL\LogFileAnalysisDAL.csproj", "{15AB2541-8AB5-4BB9-AACD-2C383E37DE64}"
EndProject
Project("{2150E333-8FDC-42A3-9474-1A3956D46DE8}") = "Tests", "Tests", "{4970B523-A1B4-4C07-9E5E-ED76EBC77AB8}"
EndProject
Project("{9A19103F-16F7-4668-BE54-9A1E7A4F7556}") = "LogFileAnalysDALNUnitTest", "LogFileAnalysDALNUnitTest\LogFileAnalysDALNUnitTest.csproj", "{EAE8DC94-E635-49C0-9375-EE299A4F4FF8}"
EndProject
Project("{9A19103F-16F7-4668-BE54-9A1E7A4F7556}") = "ProcessLogFileNUnitTest", "ProcessLogFileNUnitTest\ProcessLogFileNUnitTest.csproj", "{F434B828-D19A-4195-A712-98F6ADB496A0}"
EndProject
Project("{FAE04EC0-301F-11D3-BF4B-00C04F79EFBC}") = "ErrorLogObjectDLL", "ErrorLogObjectDLL\ErrorLogObjectDLL.csproj", "{714ACFF1-0A96-44E2-AC65-07F620D735D1}"
EndProject
Project("{FAE04EC0-301F-11D3-BF4B-00C04F79EFBC}") = "ViewModelsDLL", "ViewModelsDLL\ViewModelsDLL.csproj", "{246063A5-CD9C-4393-B778-6535F2205097}"
EndProject
Global
	GlobalSection(SolutionConfigurationPlatforms) = preSolution
		Debug|Any CPU = Debug|Any CPU
		Release|Any CPU = Release|Any CPU
	EndGlobalSection
	GlobalSection(ProjectConfigurationPlatforms) = postSolution
		{3CB3E86C-D097-4CBB-94CD-CC36E76F7206}.Debug|Any CPU.ActiveCfg = Debug|Any CPU
		{3CB3E86C-D097-4CBB-94CD-CC36E76F7206}.Debug|Any CPU.Build.0 = Debug|Any CPU
		{3CB3E86C-D097-4CBB-94CD-CC36E76F7206}.Release|Any CPU.ActiveCfg = Release|Any CPU
		{3CB3E86C-D097-4CBB-94CD-CC36E76F7206}.Release|Any CPU.Build.0 = Release|Any CPU
		{D55E416C-2BF7-466F-AF4D-2716AB55C893}.Debug|Any CPU.ActiveCfg = Debug|Any CPU
		{D55E416C-2BF7-466F-AF4D-2716AB55C893}.Debug|Any CPU.Build.0 = Debug|Any CPU
		{D55E416C-2BF7-466F-AF4D-2716AB55C893}.Release|Any CPU.ActiveCfg = Release|Any CPU
		{D55E416C-2BF7-466F-AF4D-2716AB55C893}.Release|Any CPU.Build.0 = Release|Any CPU
		{741409BE-CC5F-4C60-89D5-BEAE2A16AE49}.Debug|Any CPU.ActiveCfg = Debug|Any CPU
		{741409BE-CC5F-4C60-89D5-BEAE2A16AE49}.Debug|Any CPU.Build.0 = Debug|Any CPU
		{741409BE-CC5F-4C60-89D5-BEAE2A16AE49}.Release|Any CPU.ActiveCfg = Release|Any CPU
		{741409BE-CC5F-4C60-89D5-BEAE2A16AE49}.Release|Any CPU.Build.0 = Release|Any CPU
		{88DDE38F-196B-456F-B8F5-7A9AC1911CC5}.Debug|Any CPU.ActiveCfg = Debug|Any CPU
		{88DDE38F-196B-456F-B8F5-7A9AC1911CC5}.Debug|Any CPU.Build.0 = Debug|Any CPU
		{88DDE38F-196B-456F-B8F5-7A9AC1911CC5}.Release|Any CPU.ActiveCfg = Release|Any CPU
		{88DDE38F-196B-456F-B8F5-7A9AC1911CC5}.Release|Any CPU.Build.0 = Release|Any CPU
		{15AB2541-8AB5-4BB9-AACD-2C383E37DE64}.Debug|Any CPU.ActiveCfg = Debug|Any CPU
		{15AB2541-8AB5-4BB9-AACD-2C383E37DE64}.Debug|Any CPU.Build.0 = Debug|Any CPU
		{15AB2541-8AB5-4BB9-AACD-2C383E37DE64}.Release|Any CPU.ActiveCfg = Release|Any CPU
		{15AB2541-8AB5-4BB9-AACD-2C383E37DE64}.Release|Any CPU.Build.0 = Release|Any CPU
		{EAE8DC94-E635-49C0-9375-EE299A4F4FF8}.Debug|Any CPU.ActiveCfg = Debug|Any CPU
		{EAE8DC94-E635-49C0-9375-EE299A4F4FF8}.Debug|Any CPU.Build.0 = Debug|Any CPU
		{EAE8DC94-E635-49C0-9375-EE299A4F4FF8}.Release|Any CPU.ActiveCfg = Release|Any CPU
		{EAE8DC94-E635-49C0-9375-EE299A4F4FF8}.Release|Any CPU.Build.0 = Release|Any CPU
		{F434B828-D19A-4195-A712-98F6ADB496A0}.Debug|Any CPU.ActiveCfg = Debug|Any CPU
		{F434B828-D19A-4195-A712-98F6ADB496A0}.Debug|Any CPU.Build.0 = Debug|Any CPU
		{F434B828-D19A-4195-A712-98F6ADB496A0}.Release|Any CPU.ActiveCfg = Release|Any CPU
		{F434B828-D19A-4195-A712-98F6ADB496A0}.Release|Any CPU.Build.0 = Release|Any CPU
		{714ACFF1-0A96-44E2-AC65-07F620D735D1}.Debug|Any CPU.ActiveCfg = Debug|Any CPU
		{714ACFF1-0A96-44E2-AC65-07F620D735D1}.Debug|Any CPU.Build.0 = Debug|Any CPU
		{714ACFF1-0A96-44E2-AC65-07F620D735D1}.Release|Any CPU.ActiveCfg = Release|Any CPU
		{714ACFF1-0A96-44E2-AC65-07F620D735D1}.Release|Any CPU.Build.0 = Release|Any CPU
		{246063A5-CD9C-4393-B778-6535F2205097}.Debug|Any CPU.ActiveCfg = Debug|Any CPU
		{246063A5-CD9C-4393-B778-6535F2205097}.Debug|Any CPU.Build.0 = Debug|Any CPU
		{246063A5-CD9C-4393-B778-6535F2205097}.Release|Any CPU.ActiveCfg = Release|Any CPU
		{246063A5-CD9C-4393-B778-6535F2205097}.Release|Any CPU.Build.0 = Release|Any CPU
	EndGlobalSection
	GlobalSection(SolutionProperties) = preSolution
		HideSolutionNode = FALSE
	EndGlobalSection
	GlobalSection(NestedProjects) = preSolution
		{EAE8DC94-E635-49C0-9375-EE299A4F4FF8} = {4970B523-A1B4-4C07-9E5E-ED76EBC77AB8}
		{F434B828-D19A-4195-A712-98F6ADB496A0} = {4970B523-A1B4-4C07-9E5E-ED76EBC77AB8}
	EndGlobalSection
	GlobalSection(ExtensibilityGlobals) = postSolution
		SolutionGuid = {AA041D6E-3CE9-4003-8DEE-90D5815559BD}
	EndGlobalSection
EndGlobal
