
Microsoft Visual Studio Solution File, Format Version 12.00
# Visual Studio Version 16
VisualStudioVersion = 16.0.29519.181
MinimumVisualStudioVersion = 10.0.40219.1
Project("{FAE04EC0-301F-11D3-BF4B-00C04F79EFBC}") = "LogFileAnalysisApplication", "LogFileAnalysisApplication\LogFileAnalysisApplication.csproj", "{3CB3E86C-D097-4CBB-94CD-CC36E76F7206}"
EndProject
Global
	GlobalSection(SolutionConfigurationPlatforms) = preSolution
		Debug|Any CPU = Debug|Any CPU
		Release|Any CPU = Release|Any CPU
	EndGlobalSection
	GlobalSection(ProjectConfigurationPlatforms) = postSolution
		{3CB3E86C-D097-4CBB-94CD-CC36E76F7206}.Debug|Any CPU.ActiveCfg = Debug|Any CPU
		{3CB3E86C-D097-4CBB-94CD-CC36E76F7206}.Debug|Any CPU.Build.0 = Debug|Any CPU
		{3CB3E86C-D097-4CBB-94CD-CC36E76F7206}.Release|Any CPU.ActiveCfg = Release|Any CPU
		{3CB3E86C-D097-4CBB-94CD-CC36E76F7206}.Release|Any CPU.Build.0 = Release|Any CPU
	EndGlobalSection
	GlobalSection(SolutionProperties) = preSolution
		HideSolutionNode = FALSE
	EndGlobalSection
	GlobalSection(ExtensibilityGlobals) = postSolution
		SolutionGuid = {AA041D6E-3CE9-4003-8DEE-90D5815559BD}
	EndGlobalSection
EndGlobal
